
Microsoft Visual Studio Solution File, Format Version 12.00
# Visual Studio Version 18
VisualStudioVersion = 18.6.11828.311
MinimumVisualStudioVersion = 10.0.40219.1
Project("{FAE04EC0-301F-11D3-BF4B-00C04F79EFBC}") = "winform-app", "winform-app\winform-app.csproj", "{1C5B0226-704A-46A3-982D-400CCE1BBC1E}"
EndProject
Project("{FAE04EC0-301F-11D3-BF4B-00C04F79EFBC}") = "dominio", "dominio\dominio.csproj", "{237B90EF-B33E-40FD-8F65-3A754ABBE43D}"
EndProject
Project("{FAE04EC0-301F-11D3-BF4B-00C04F79EFBC}") = "negocio", "negocio\negocio.csproj", "{49E7F653-C9BD-4BCB-B921-86F5EA260A6A}"
EndProject
Global
	GlobalSection(SolutionConfigurationPlatforms) = preSolution
		Debug|Any CPU = Debug|Any CPU
		Release|Any CPU = Release|Any CPU
	EndGlobalSection
	GlobalSection(ProjectConfigurationPlatforms) = postSolution
		{1C5B0226-704A-46A3-982D-400CCE1BBC1E}.Debug|Any CPU.ActiveCfg = Debug|Any CPU
		{1C5B0226-704A-46A3-982D-400CCE1BBC1E}.Debug|Any CPU.Build.0 = Debug|Any CPU
		{1C5B0226-704A-46A3-982D-400CCE1BBC1E}.Release|Any CPU.ActiveCfg = Release|Any CPU
		{1C5B0226-704A-46A3-982D-400CCE1BBC1E}.Release|Any CPU.Build.0 = Release|Any CPU
		{237B90EF-B33E-40FD-8F65-3A754ABBE43D}.Debug|Any CPU.ActiveCfg = Debug|Any CPU
		{237B90EF-B33E-40FD-8F65-3A754ABBE43D}.Debug|Any CPU.Build.0 = Debug|Any CPU
		{237B90EF-B33E-40FD-8F65-3A754ABBE43D}.Release|Any CPU.ActiveCfg = Release|Any CPU
		{237B90EF-B33E-40FD-8F65-3A754ABBE43D}.Release|Any CPU.Build.0 = Release|Any CPU
		{49E7F653-C9BD-4BCB-B921-86F5EA260A6A}.Debug|Any CPU.ActiveCfg = Debug|Any CPU
		{49E7F653-C9BD-4BCB-B921-86F5EA260A6A}.Debug|Any CPU.Build.0 = Debug|Any CPU
		{49E7F653-C9BD-4BCB-B921-86F5EA260A6A}.Release|Any CPU.ActiveCfg = Release|Any CPU
		{49E7F653-C9BD-4BCB-B921-86F5EA260A6A}.Release|Any CPU.Build.0 = Release|Any CPU
	EndGlobalSection
	GlobalSection(SolutionProperties) = preSolution
		HideSolutionNode = FALSE
	EndGlobalSection
	GlobalSection(ExtensibilityGlobals) = postSolution
		SolutionGuid = {3BEE3B63-C876-4947-8BA3-3C0824FABA7E}
	EndGlobalSection
EndGlobal
