<Solution>
  <Project Path="../../../../../../Desktop/Curso C# Nivel 2/Poo++/Poo++/poo2.csproj" Id="5ccd0a12-73c3-4507-898f-f83d77bc1ac8" />
  <Project Path="../../../../../../Desktop/Curso C# Nivel 2/Poo++/SobreEscrituraMetodos/SobreEscrituraMetodos.csproj" Id="4ba46940-48f3-441f-a731-efcf591d6417" />
</Solution>
